// !$*UTF8*$!
{
	archiveVersion = 1;
	classes = {
	};
	objectVersion = 56;
	objects = {

/* Begin PBXBuildFile section */
		DC01767F2C8507EA008B2885 /* GoogleService-Info.plist in Resources */ = {isa = PBXBuildFile; fileRef = DC01767E2C8507EA008B2885 /* GoogleService-Info.plist */; };
		DC0176802C8507EA008B2885 /* GoogleService-Info.plist in Resources */ = {isa = PBXBuildFile; fileRef = DC01767E2C8507EA008B2885 /* GoogleService-Info.plist */; };
		DC0176812C8507EA008B2885 /* GoogleService-Info.plist in Resources */ = {isa = PBXBuildFile; fileRef = DC01767E2C8507EA008B2885 /* GoogleService-Info.plist */; };
		DC1DE14D2C84A9710062F9D8 /* AppDelegate.swift in Sources */ = {isa = PBXBuildFile; fileRef = DC1DE14C2C84A9710062F9D8 /* AppDelegate.swift */; };
		DC1DE14F2C84A9710062F9D8 /* SceneDelegate.swift in Sources */ = {isa = PBXBuildFile; fileRef = DC1DE14E2C84A9710062F9D8 /* SceneDelegate.swift */; };
		DC1DE1512C84A9710062F9D8 /* LoginViewController.swift in Sources */ = {isa = PBXBuildFile; fileRef = DC1DE1502C84A9710062F9D8 /* LoginViewController.swift */; };
		DC1DE1542C84A9710062F9D8 /* Base in Resources */ = {isa = PBXBuildFile; fileRef = DC1DE1532C84A9710062F9D8 /* Base */; };
		DC1DE1572C84A9710062F9D8 /* wassup.xcdatamodeld in Sources */ = {isa = PBXBuildFile; fileRef = DC1DE1552C84A9710062F9D8 /* wassup.xcdatamodeld */; };
		DC1DE1592C84A9720062F9D8 /* Assets.xcassets in Resources */ = {isa = PBXBuildFile; fileRef = DC1DE1582C84A9720062F9D8 /* Assets.xcassets */; };
		DC1DE15C2C84A9720062F9D8 /* Base in Resources */ = {isa = PBXBuildFile; fileRef = DC1DE15B2C84A9720062F9D8 /* Base */; };
		DC1DE1712C84A9720062F9D8 /* wassupUITests.swift in Sources */ = {isa = PBXBuildFile; fileRef = DC1DE1702C84A9720062F9D8 /* wassupUITests.swift */; };
		DC1DE1732C84A9720062F9D8 /* wassupUITestsLaunchTests.swift in Sources */ = {isa = PBXBuildFile; fileRef = DC1DE1722C84A9720062F9D8 /* wassupUITestsLaunchTests.swift */; };
		DC24A7F12C850D46009770F8 /* FirebaseAuth in Frameworks */ = {isa = PBXBuildFile; productRef = DC24A7F02C850D46009770F8 /* FirebaseAuth */; };
		DC24A7F32C850D46009770F8 /* FirebaseFirestore in Frameworks */ = {isa = PBXBuildFile; productRef = DC24A7F22C850D46009770F8 /* FirebaseFirestore */; };
		DC24A7F52C850D46009770F8 /* FirebaseMessaging in Frameworks */ = {isa = PBXBuildFile; productRef = DC24A7F42C850D46009770F8 /* FirebaseMessaging */; settings = {ATTRIBUTES = (Required, ); }; };
		DC24A7F72C850D46009770F8 /* FirebaseStorage in Frameworks */ = {isa = PBXBuildFile; productRef = DC24A7F62C850D46009770F8 /* FirebaseStorage */; };
		DC27033A2C8BAAC600A36D13 /* User.swift in Sources */ = {isa = PBXBuildFile; fileRef = DC2703392C8BAAC600A36D13 /* User.swift */; };
		DC40A76B2CA0A0F00054BA9D /* Constants.swift in Sources */ = {isa = PBXBuildFile; fileRef = DC40A76A2CA0A0F00054BA9D /* Constants.swift */; };
		DC4DBC612C909B6D005772AE /* ChatBubbleCell.swift in Sources */ = {isa = PBXBuildFile; fileRef = DC4DBC602C909B6D005772AE /* ChatBubbleCell.swift */; };
		DC5CCC112C8C8775000BF6E1 /* AlertUtil.swift in Sources */ = {isa = PBXBuildFile; fileRef = DC5CCC102C8C8775000BF6E1 /* AlertUtil.swift */; };
		DC5CCC132C8C9B2A000BF6E1 /* RegisterViewController.swift in Sources */ = {isa = PBXBuildFile; fileRef = DC5CCC122C8C9B2A000BF6E1 /* RegisterViewController.swift */; };
		DC5CCC172C8CDC51000BF6E1 /* DashboardTabBarController.swift in Sources */ = {isa = PBXBuildFile; fileRef = DC5CCC162C8CDC51000BF6E1 /* DashboardTabBarController.swift */; };
		DC5CCC1A2C8CDFA6000BF6E1 /* ChatListVC.swift in Sources */ = {isa = PBXBuildFile; fileRef = DC5CCC192C8CDFA6000BF6E1 /* ChatListVC.swift */; };
		DC5CCC1F2C8CFA8C000BF6E1 /* ChatListItemCell.swift in Sources */ = {isa = PBXBuildFile; fileRef = DC5CCC1E2C8CFA8C000BF6E1 /* ChatListItemCell.swift */; };
		DC674EF82CA2133200689793 /* ChatNavigationBar.swift in Sources */ = {isa = PBXBuildFile; fileRef = DC674EF72CA2133200689793 /* ChatNavigationBar.swift */; };
		DC68955D2C85F7E300500E2D /* AuthVM.swift in Sources */ = {isa = PBXBuildFile; fileRef = DC68955C2C85F7E300500E2D /* AuthVM.swift */; };
		DC75C4CD2C90EC73006427E1 /* ChatMessage.swift in Sources */ = {isa = PBXBuildFile; fileRef = DC75C4CC2C90EC73006427E1 /* ChatMessage.swift */; };
		DC851A0B2C92E80600D75659 /* ChatPageVM.swift in Sources */ = {isa = PBXBuildFile; fileRef = DC851A0A2C92E80600D75659 /* ChatPageVM.swift */; };
		DC9DD2EF2C8D84C90002F526 /* ChatListVM.swift in Sources */ = {isa = PBXBuildFile; fileRef = DC9DD2EE2C8D84C90002F526 /* ChatListVM.swift */; };
		DC9DD2F12C8D86860002F526 /* ChatMetadata.swift in Sources */ = {isa = PBXBuildFile; fileRef = DC9DD2F02C8D86860002F526 /* ChatMetadata.swift */; };
		DCB843702C905BAA00E3F297 /* ChatPageVC.swift in Sources */ = {isa = PBXBuildFile; fileRef = DCB8436F2C905BAA00E3F297 /* ChatPageVC.swift */; };
		DCBD1EE12C8F4C0C006A9400 /* ProfileViewController.swift in Sources */ = {isa = PBXBuildFile; fileRef = DCBD1EE02C8F4C0C006A9400 /* ProfileViewController.swift */; };
		DCFAB9D32CA7EB30005DD86E /* ChatListVMTest.swift in Sources */ = {isa = PBXBuildFile; fileRef = DCFAB9D22CA7EB30005DD86E /* ChatListVMTest.swift */; };
		DCFAB9DB2CA8133B005DD86E /* ChatPageVMTest.swift in Sources */ = {isa = PBXBuildFile; fileRef = DCFAB9DA2CA8133B005DD86E /* ChatPageVMTest.swift */; };
		DCFAB9DE2CA81449005DD86E /* Kingfisher in Frameworks */ = {isa = PBXBuildFile; productRef = DCFAB9DD2CA81449005DD86E /* Kingfisher */; settings = {ATTRIBUTES = (Required, ); }; };
		DCFBEC342C95C66100AE943A /* Talker.swift in Sources */ = {isa = PBXBuildFile; fileRef = DCFBEC332C95C66100AE943A /* Talker.swift */; };
		DCFBEC362C95C6E900AE943A /* Chat.swift in Sources */ = {isa = PBXBuildFile; fileRef = DCFBEC352C95C6E900AE943A /* Chat.swift */; };
/* End PBXBuildFile section */

/* Begin PBXContainerItemProxy section */
		DC1DE1632C84A9720062F9D8 /* PBXContainerItemProxy */ = {
			isa = PBXContainerItemProxy;
			containerPortal = DC1DE1412C84A9710062F9D8 /* Project object */;
			proxyType = 1;
			remoteGlobalIDString = DC1DE1482C84A9710062F9D8;
			remoteInfo = wassup;
		};
		DC1DE16D2C84A9720062F9D8 /* PBXContainerItemProxy */ = {
			isa = PBXContainerItemProxy;
			containerPortal = DC1DE1412C84A9710062F9D8 /* Project object */;
			proxyType = 1;
			remoteGlobalIDString = DC1DE1482C84A9710062F9D8;
			remoteInfo = wassup;
		};
/* End PBXContainerItemProxy section */

/* Begin PBXFileReference section */
		DC01767E2C8507EA008B2885 /* GoogleService-Info.plist */ = {isa = PBXFileReference; fileEncoding = 4; lastKnownFileType = text.plist.xml; path = "GoogleService-Info.plist"; sourceTree = "<group>"; };
		DC1DE1492C84A9710062F9D8 /* wassup.app */ = {isa = PBXFileReference; explicitFileType = wrapper.application; includeInIndex = 0; path = wassup.app; sourceTree = BUILT_PRODUCTS_DIR; };
		DC1DE14C2C84A9710062F9D8 /* AppDelegate.swift */ = {isa = PBXFileReference; lastKnownFileType = sourcecode.swift; path = AppDelegate.swift; sourceTree = "<group>"; };
		DC1DE14E2C84A9710062F9D8 /* SceneDelegate.swift */ = {isa = PBXFileReference; lastKnownFileType = sourcecode.swift; path = SceneDelegate.swift; sourceTree = "<group>"; };
		DC1DE1502C84A9710062F9D8 /* LoginViewController.swift */ = {isa = PBXFileReference; lastKnownFileType = sourcecode.swift; path = LoginViewController.swift; sourceTree = "<group>"; };
		DC1DE1532C84A9710062F9D8 /* Base */ = {isa = PBXFileReference; lastKnownFileType = file.storyboard; name = Base; path = Base.lproj/Main.storyboard; sourceTree = "<group>"; };
		DC1DE1562C84A9710062F9D8 /* wassup.xcdatamodel */ = {isa = PBXFileReference; lastKnownFileType = wrapper.xcdatamodel; path = wassup.xcdatamodel; sourceTree = "<group>"; };
		DC1DE1582C84A9720062F9D8 /* Assets.xcassets */ = {isa = PBXFileReference; lastKnownFileType = folder.assetcatalog; path = Assets.xcassets; sourceTree = "<group>"; };
		DC1DE15B2C84A9720062F9D8 /* Base */ = {isa = PBXFileReference; lastKnownFileType = file.storyboard; name = Base; path = Base.lproj/LaunchScreen.storyboard; sourceTree = "<group>"; };
		DC1DE15D2C84A9720062F9D8 /* Info.plist */ = {isa = PBXFileReference; lastKnownFileType = text.plist.xml; path = Info.plist; sourceTree = "<group>"; };
		DC1DE1622C84A9720062F9D8 /* wassupTests.xctest */ = {isa = PBXFileReference; explicitFileType = wrapper.cfbundle; includeInIndex = 0; path = wassupTests.xctest; sourceTree = BUILT_PRODUCTS_DIR; };
		DC1DE16C2C84A9720062F9D8 /* wassupUITests.xctest */ = {isa = PBXFileReference; explicitFileType = wrapper.cfbundle; includeInIndex = 0; path = wassupUITests.xctest; sourceTree = BUILT_PRODUCTS_DIR; };
		DC1DE1702C84A9720062F9D8 /* wassupUITests.swift */ = {isa = PBXFileReference; lastKnownFileType = sourcecode.swift; path = wassupUITests.swift; sourceTree = "<group>"; };
		DC1DE1722C84A9720062F9D8 /* wassupUITestsLaunchTests.swift */ = {isa = PBXFileReference; lastKnownFileType = sourcecode.swift; path = wassupUITestsLaunchTests.swift; sourceTree = "<group>"; };
		DC2703392C8BAAC600A36D13 /* User.swift */ = {isa = PBXFileReference; lastKnownFileType = sourcecode.swift; path = User.swift; sourceTree = "<group>"; };
		DC40A76A2CA0A0F00054BA9D /* Constants.swift */ = {isa = PBXFileReference; lastKnownFileType = sourcecode.swift; path = Constants.swift; sourceTree = "<group>"; };
		DC4DBC602C909B6D005772AE /* ChatBubbleCell.swift */ = {isa = PBXFileReference; lastKnownFileType = sourcecode.swift; path = ChatBubbleCell.swift; sourceTree = "<group>"; };
		DC5CCC102C8C8775000BF6E1 /* AlertUtil.swift */ = {isa = PBXFileReference; lastKnownFileType = sourcecode.swift; path = AlertUtil.swift; sourceTree = "<group>"; };
		DC5CCC122C8C9B2A000BF6E1 /* RegisterViewController.swift */ = {isa = PBXFileReference; lastKnownFileType = sourcecode.swift; path = RegisterViewController.swift; sourceTree = "<group>"; };
		DC5CCC162C8CDC51000BF6E1 /* DashboardTabBarController.swift */ = {isa = PBXFileReference; lastKnownFileType = sourcecode.swift; path = DashboardTabBarController.swift; sourceTree = "<group>"; };
		DC5CCC192C8CDFA6000BF6E1 /* ChatListVC.swift */ = {isa = PBXFileReference; lastKnownFileType = sourcecode.swift; path = ChatListVC.swift; sourceTree = "<group>"; };
		DC5CCC1E2C8CFA8C000BF6E1 /* ChatListItemCell.swift */ = {isa = PBXFileReference; lastKnownFileType = sourcecode.swift; path = ChatListItemCell.swift; sourceTree = "<group>"; };
		DC674EF72CA2133200689793 /* ChatNavigationBar.swift */ = {isa = PBXFileReference; lastKnownFileType = sourcecode.swift; path = ChatNavigationBar.swift; sourceTree = "<group>"; };
		DC68955C2C85F7E300500E2D /* AuthVM.swift */ = {isa = PBXFileReference; lastKnownFileType = sourcecode.swift; path = AuthVM.swift; sourceTree = "<group>"; };
		DC75C4CC2C90EC73006427E1 /* ChatMessage.swift */ = {isa = PBXFileReference; lastKnownFileType = sourcecode.swift; path = ChatMessage.swift; sourceTree = "<group>"; };
		DC851A0A2C92E80600D75659 /* ChatPageVM.swift */ = {isa = PBXFileReference; lastKnownFileType = sourcecode.swift; path = ChatPageVM.swift; sourceTree = "<group>"; };
		DC9DD2EE2C8D84C90002F526 /* ChatListVM.swift */ = {isa = PBXFileReference; lastKnownFileType = sourcecode.swift; path = ChatListVM.swift; sourceTree = "<group>"; };
		DC9DD2F02C8D86860002F526 /* ChatMetadata.swift */ = {isa = PBXFileReference; lastKnownFileType = sourcecode.swift; path = ChatMetadata.swift; sourceTree = "<group>"; };
		DCB8436F2C905BAA00E3F297 /* ChatPageVC.swift */ = {isa = PBXFileReference; lastKnownFileType = sourcecode.swift; path = ChatPageVC.swift; sourceTree = "<group>"; };
		DCBD1EE02C8F4C0C006A9400 /* ProfileViewController.swift */ = {isa = PBXFileReference; lastKnownFileType = sourcecode.swift; path = ProfileViewController.swift; sourceTree = "<group>"; };
		DCFAB9D22CA7EB30005DD86E /* ChatListVMTest.swift */ = {isa = PBXFileReference; lastKnownFileType = sourcecode.swift; path = ChatListVMTest.swift; sourceTree = "<group>"; };
		DCFAB9DA2CA8133B005DD86E /* ChatPageVMTest.swift */ = {isa = PBXFileReference; lastKnownFileType = sourcecode.swift; path = ChatPageVMTest.swift; sourceTree = "<group>"; };
		DCFBEC332C95C66100AE943A /* Talker.swift */ = {isa = PBXFileReference; lastKnownFileType = sourcecode.swift; path = Talker.swift; sourceTree = "<group>"; };
		DCFBEC352C95C6E900AE943A /* Chat.swift */ = {isa = PBXFileReference; lastKnownFileType = sourcecode.swift; path = Chat.swift; sourceTree = "<group>"; };
/* End PBXFileReference section */

/* Begin PBXFrameworksBuildPhase section */
		DC1DE1462C84A9710062F9D8 /* Frameworks */ = {
			isa = PBXFrameworksBuildPhase;
			buildActionMask = 2147483647;
			files = (
				DC24A7F52C850D46009770F8 /* FirebaseMessaging in Frameworks */,
				DC24A7F72C850D46009770F8 /* FirebaseStorage in Frameworks */,
				DC24A7F12C850D46009770F8 /* FirebaseAuth in Frameworks */,
				DC24A7F32C850D46009770F8 /* FirebaseFirestore in Frameworks */,
				DCFAB9DE2CA81449005DD86E /* Kingfisher in Frameworks */,
			);
			runOnlyForDeploymentPostprocessing = 0;
		};
		DC1DE15F2C84A9720062F9D8 /* Frameworks */ = {
			isa = PBXFrameworksBuildPhase;
			buildActionMask = 2147483647;
			files = (
			);
			runOnlyForDeploymentPostprocessing = 0;
		};
		DC1DE1692C84A9720062F9D8 /* Frameworks */ = {
			isa = PBXFrameworksBuildPhase;
			buildActionMask = 2147483647;
			files = (
			);
			runOnlyForDeploymentPostprocessing = 0;
		};
/* End PBXFrameworksBuildPhase section */

/* Begin PBXGroup section */
		DC1DE1402C84A9710062F9D8 = {
			isa = PBXGroup;
			children = (
				DC1DE14B2C84A9710062F9D8 /* wassup */,
				DC1DE1652C84A9720062F9D8 /* wassupTests */,
				DC1DE16F2C84A9720062F9D8 /* wassupUITests */,
				DC1DE14A2C84A9710062F9D8 /* Products */,
			);
			sourceTree = "<group>";
		};
		DC1DE14A2C84A9710062F9D8 /* Products */ = {
			isa = PBXGroup;
			children = (
				DC1DE1492C84A9710062F9D8 /* wassup.app */,
				DC1DE1622C84A9720062F9D8 /* wassupTests.xctest */,
				DC1DE16C2C84A9720062F9D8 /* wassupUITests.xctest */,
			);
			name = Products;
			sourceTree = "<group>";
		};
		DC1DE14B2C84A9710062F9D8 /* wassup */ = {
			isa = PBXGroup;
			children = (
				DC40A7692CA0A0CD0054BA9D /* Constants */,
				DC5CCC142C8CD2EA000BF6E1 /* View */,
				DC5CCC0F2C8C875D000BF6E1 /* Utils */,
				DC27033B2C8BABEB00A36D13 /* ViewModel */,
				DC2703382C8BAAA100A36D13 /* Model */,
				DC1DE14C2C84A9710062F9D8 /* AppDelegate.swift */,
				DC1DE14E2C84A9710062F9D8 /* SceneDelegate.swift */,
				DC1DE1522C84A9710062F9D8 /* Main.storyboard */,
				DC1DE1582C84A9720062F9D8 /* Assets.xcassets */,
				DC1DE15A2C84A9720062F9D8 /* LaunchScreen.storyboard */,
				DC1DE15D2C84A9720062F9D8 /* Info.plist */,
				DC01767E2C8507EA008B2885 /* GoogleService-Info.plist */,
				DC1DE1552C84A9710062F9D8 /* wassup.xcdatamodeld */,
			);
			path = wassup;
			sourceTree = "<group>";
		};
		DC1DE1652C84A9720062F9D8 /* wassupTests */ = {
			isa = PBXGroup;
			children = (
				DCFAB9D92CA81326005DD86E /* ChatPage */,
				DCFAB9D12CA7EA7A005DD86E /* ChatList */,
			);
			path = wassupTests;
			sourceTree = "<group>";
		};
		DC1DE16F2C84A9720062F9D8 /* wassupUITests */ = {
			isa = PBXGroup;
			children = (
				DC1DE1702C84A9720062F9D8 /* wassupUITests.swift */,
				DC1DE1722C84A9720062F9D8 /* wassupUITestsLaunchTests.swift */,
			);
			path = wassupUITests;
			sourceTree = "<group>";
		};
		DC2703382C8BAAA100A36D13 /* Model */ = {
			isa = PBXGroup;
			children = (
				DC2703392C8BAAC600A36D13 /* User.swift */,
				DC9DD2F02C8D86860002F526 /* ChatMetadata.swift */,
				DC75C4CC2C90EC73006427E1 /* ChatMessage.swift */,
				DCFBEC332C95C66100AE943A /* Talker.swift */,
				DCFBEC352C95C6E900AE943A /* Chat.swift */,
			);
			path = Model;
			sourceTree = "<group>";
		};
		DC27033B2C8BABEB00A36D13 /* ViewModel */ = {
			isa = PBXGroup;
			children = (
				DC68955C2C85F7E300500E2D /* AuthVM.swift */,
				DC9DD2EE2C8D84C90002F526 /* ChatListVM.swift */,
				DC851A0A2C92E80600D75659 /* ChatPageVM.swift */,
			);
			path = ViewModel;
			sourceTree = "<group>";
		};
		DC40A7692CA0A0CD0054BA9D /* Constants */ = {
			isa = PBXGroup;
			children = (
				DC40A76A2CA0A0F00054BA9D /* Constants.swift */,
			);
			path = Constants;
			sourceTree = "<group>";
		};
		DC5CCC0F2C8C875D000BF6E1 /* Utils */ = {
			isa = PBXGroup;
			children = (
				DC5CCC102C8C8775000BF6E1 /* AlertUtil.swift */,
				DCFAB9D72CA8068A005DD86E /* Extensions.swift */,
			);
			path = Utils;
			sourceTree = "<group>";
		};
		DC5CCC142C8CD2EA000BF6E1 /* View */ = {
			isa = PBXGroup;
			children = (
				DC5CCC182C8CDEF3000BF6E1 /* Dashboard */,
				DC5CCC152C8CD309000BF6E1 /* Auth */,
			);
			path = View;
			sourceTree = "<group>";
		};
		DC5CCC152C8CD309000BF6E1 /* Auth */ = {
			isa = PBXGroup;
			children = (
				DC1DE1502C84A9710062F9D8 /* LoginViewController.swift */,
				DC5CCC122C8C9B2A000BF6E1 /* RegisterViewController.swift */,
			);
			path = Auth;
			sourceTree = "<group>";
		};
		DC5CCC182C8CDEF3000BF6E1 /* Dashboard */ = {
			isa = PBXGroup;
			children = (
				DCFBEC322C95C1E600AE943A /* Profile */,
				DCFBEC312C95C18300AE943A /* ChatPage */,
				DCFBEC302C95C06900AE943A /* ChatList */,
				DC5CCC162C8CDC51000BF6E1 /* DashboardTabBarController.swift */,
			);
			path = Dashboard;
			sourceTree = "<group>";
		};
		DCFAB9D12CA7EA7A005DD86E /* ChatList */ = {
			isa = PBXGroup;
			children = (
				DCFAB9D22CA7EB30005DD86E /* ChatListVMTest.swift */,
			);
			path = ChatList;
			sourceTree = "<group>";
		};
		DCFAB9D92CA81326005DD86E /* ChatPage */ = {
			isa = PBXGroup;
			children = (
				DCFAB9DA2CA8133B005DD86E /* ChatPageVMTest.swift */,
			);
			path = ChatPage;
			sourceTree = "<group>";
		};
		DCFBEC302C95C06900AE943A /* ChatList */ = {
			isa = PBXGroup;
			children = (
				DC5CCC192C8CDFA6000BF6E1 /* ChatListVC.swift */,
				DC5CCC1E2C8CFA8C000BF6E1 /* ChatListItemCell.swift */,
			);
			path = ChatList;
			sourceTree = "<group>";
		};
		DCFBEC312C95C18300AE943A /* ChatPage */ = {
			isa = PBXGroup;
			children = (
				DCB8436F2C905BAA00E3F297 /* ChatPageVC.swift */,
				DC4DBC602C909B6D005772AE /* ChatBubbleCell.swift */,
				DC674EF72CA2133200689793 /* ChatNavigationBar.swift */,
			);
			path = ChatPage;
			sourceTree = "<group>";
		};
		DCFBEC322C95C1E600AE943A /* Profile */ = {
			isa = PBXGroup;
			children = (
				DCBD1EE02C8F4C0C006A9400 /* ProfileViewController.swift */,
			);
			path = Profile;
			sourceTree = "<group>";
		};
/* End PBXGroup section */

/* Begin PBXNativeTarget section */
		DC1DE1482C84A9710062F9D8 /* wassup */ = {
			isa = PBXNativeTarget;
			buildConfigurationList = DC1DE1762C84A9720062F9D8 /* Build configuration list for PBXNativeTarget "wassup" */;
			buildPhases = (
				DC1DE1452C84A9710062F9D8 /* Sources */,
				DC1DE1462C84A9710062F9D8 /* Frameworks */,
				DC1DE1472C84A9710062F9D8 /* Resources */,
			);
			buildRules = (
			);
			dependencies = (
			);
			name = wassup;
			packageProductDependencies = (
				DC24A7F02C850D46009770F8 /* FirebaseAuth */,
				DC24A7F22C850D46009770F8 /* FirebaseFirestore */,
				DC24A7F42C850D46009770F8 /* FirebaseMessaging */,
				DC24A7F62C850D46009770F8 /* FirebaseStorage */,
				DCFAB9DD2CA81449005DD86E /* Kingfisher */,
			);
			productName = wassup;
			productReference = DC1DE1492C84A9710062F9D8 /* wassup.app */;
			productType = "com.apple.product-type.application";
		};
		DC1DE1612C84A9720062F9D8 /* wassupTests */ = {
			isa = PBXNativeTarget;
			buildConfigurationList = DC1DE1792C84A9720062F9D8 /* Build configuration list for PBXNativeTarget "wassupTests" */;
			buildPhases = (
				DC1DE15E2C84A9720062F9D8 /* Sources */,
				DC1DE15F2C84A9720062F9D8 /* Frameworks */,
				DC1DE1602C84A9720062F9D8 /* Resources */,
			);
			buildRules = (
			);
			dependencies = (
				DC1DE1642C84A9720062F9D8 /* PBXTargetDependency */,
			);
			name = wassupTests;
			productName = wassupTests;
			productReference = DC1DE1622C84A9720062F9D8 /* wassupTests.xctest */;
			productType = "com.apple.product-type.bundle.unit-test";
		};
		DC1DE16B2C84A9720062F9D8 /* wassupUITests */ = {
			isa = PBXNativeTarget;
			buildConfigurationList = DC1DE17C2C84A9720062F9D8 /* Build configuration list for PBXNativeTarget "wassupUITests" */;
			buildPhases = (
				DC1DE1682C84A9720062F9D8 /* Sources */,
				DC1DE1692C84A9720062F9D8 /* Frameworks */,
				DC1DE16A2C84A9720062F9D8 /* Resources */,
			);
			buildRules = (
			);
			dependencies = (
				DC1DE16E2C84A9720062F9D8 /* PBXTargetDependency */,
			);
			name = wassupUITests;
			productName = wassupUITests;
			productReference = DC1DE16C2C84A9720062F9D8 /* wassupUITests.xctest */;
			productType = "com.apple.product-type.bundle.ui-testing";
		};
/* End PBXNativeTarget section */

/* Begin PBXProject section */
		DC1DE1412C84A9710062F9D8 /* Project object */ = {
			isa = PBXProject;
			attributes = {
				BuildIndependentTargetsInParallel = 1;
				LastSwiftUpdateCheck = 1540;
				LastUpgradeCheck = 1540;
				TargetAttributes = {
					DC1DE1482C84A9710062F9D8 = {
						CreatedOnToolsVersion = 15.4;
					};
					DC1DE1612C84A9720062F9D8 = {
						CreatedOnToolsVersion = 15.4;
						TestTargetID = DC1DE1482C84A9710062F9D8;
					};
					DC1DE16B2C84A9720062F9D8 = {
						CreatedOnToolsVersion = 15.4;
						TestTargetID = DC1DE1482C84A9710062F9D8;
					};
				};
			};
			buildConfigurationList = DC1DE1442C84A9710062F9D8 /* Build configuration list for PBXProject "wassup" */;
			compatibilityVersion = "Xcode 14.0";
			developmentRegion = en;
			hasScannedForEncodings = 0;
			knownRegions = (
				en,
				Base,
			);
			mainGroup = DC1DE1402C84A9710062F9D8;
			packageReferences = (
				DC24A7EF2C850D46009770F8 /* XCRemoteSwiftPackageReference "firebase-ios-sdk" */,
				DCFAB9DC2CA81449005DD86E /* XCRemoteSwiftPackageReference "Kingfisher" */,
			);
			productRefGroup = DC1DE14A2C84A9710062F9D8 /* Products */;
			projectDirPath = "";
			projectRoot = "";
			targets = (
				DC1DE1482C84A9710062F9D8 /* wassup */,
				DC1DE1612C84A9720062F9D8 /* wassupTests */,
				DC1DE16B2C84A9720062F9D8 /* wassupUITests */,
			);
		};
/* End PBXProject section */

/* Begin PBXResourcesBuildPhase section */
		DC1DE1472C84A9710062F9D8 /* Resources */ = {
			isa = PBXResourcesBuildPhase;
			buildActionMask = 2147483647;
			files = (
				DC1DE1592C84A9720062F9D8 /* Assets.xcassets in Resources */,
				DC01767F2C8507EA008B2885 /* GoogleService-Info.plist in Resources */,
				DC1DE15C2C84A9720062F9D8 /* Base in Resources */,
				DC1DE1542C84A9710062F9D8 /* Base in Resources */,
			);
			runOnlyForDeploymentPostprocessing = 0;
		};
		DC1DE1602C84A9720062F9D8 /* Resources */ = {
			isa = PBXResourcesBuildPhase;
			buildActionMask = 2147483647;
			files = (
				DC0176802C8507EA008B2885 /* GoogleService-Info.plist in Resources */,
			);
			runOnlyForDeploymentPostprocessing = 0;
		};
		DC1DE16A2C84A9720062F9D8 /* Resources */ = {
			isa = PBXResourcesBuildPhase;
			buildActionMask = 2147483647;
			files = (
				DC0176812C8507EA008B2885 /* GoogleService-Info.plist in Resources */,
			);
			runOnlyForDeploymentPostprocessing = 0;
		};
/* End PBXResourcesBuildPhase section */

/* Begin PBXSourcesBuildPhase section */
		DC1DE1452C84A9710062F9D8 /* Sources */ = {
			isa = PBXSourcesBuildPhase;
			buildActionMask = 2147483647;
			files = (
				DCFAB9D82CA8068A005DD86E /* Extensions.swift in Sources */,
				DC851A0B2C92E80600D75659 /* ChatPageVM.swift in Sources */,
				DC674EF82CA2133200689793 /* ChatNavigationBar.swift in Sources */,
				DC75C4CD2C90EC73006427E1 /* ChatMessage.swift in Sources */,
				DC1DE1512C84A9710062F9D8 /* LoginViewController.swift in Sources */,
				DC5CCC172C8CDC51000BF6E1 /* DashboardTabBarController.swift in Sources */,
				DC5CCC1F2C8CFA8C000BF6E1 /* ChatListItemCell.swift in Sources */,
				DC1DE14D2C84A9710062F9D8 /* AppDelegate.swift in Sources */,
				DCBD1EE12C8F4C0C006A9400 /* ProfileViewController.swift in Sources */,
				DC9DD2EF2C8D84C90002F526 /* ChatListVM.swift in Sources */,
				DCFBEC342C95C66100AE943A /* Talker.swift in Sources */,
				DC27033A2C8BAAC600A36D13 /* User.swift in Sources */,
				DC9DD2F12C8D86860002F526 /* ChatMetadata.swift in Sources */,
				DC40A76B2CA0A0F00054BA9D /* Constants.swift in Sources */,
				DC5CCC1A2C8CDFA6000BF6E1 /* ChatListVC.swift in Sources */,
				DC5CCC132C8C9B2A000BF6E1 /* RegisterViewController.swift in Sources */,
				DCFBEC362C95C6E900AE943A /* Chat.swift in Sources */,
				DCB843702C905BAA00E3F297 /* ChatPageVC.swift in Sources */,
				DC4DBC612C909B6D005772AE /* ChatBubbleCell.swift in Sources */,
				DC5CCC112C8C8775000BF6E1 /* AlertUtil.swift in Sources */,
				DC1DE1572C84A9710062F9D8 /* wassup.xcdatamodeld in Sources */,
				DC68955D2C85F7E300500E2D /* AuthVM.swift in Sources */,
				DC1DE14F2C84A9710062F9D8 /* SceneDelegate.swift in Sources */,
			);
			runOnlyForDeploymentPostprocessing = 0;
		};
		DC1DE15E2C84A9720062F9D8 /* Sources */ = {
			isa = PBXSourcesBuildPhase;
			buildActionMask = 2147483647;
			files = (
				DCFAB9D32CA7EB30005DD86E /* ChatListVMTest.swift in Sources */,
				DCFAB9DB2CA8133B005DD86E /* ChatPageVMTest.swift in Sources */,
			);
			runOnlyForDeploymentPostprocessing = 0;
		};
		DC1DE1682C84A9720062F9D8 /* Sources */ = {
			isa = PBXSourcesBuildPhase;
			buildActionMask = 2147483647;
			files = (
				DC1DE1712C84A9720062F9D8 /* wassupUITests.swift in Sources */,
				DC1DE1732C84A9720062F9D8 /* wassupUITestsLaunchTests.swift in Sources */,
			);
			runOnlyForDeploymentPostprocessing = 0;
		};
/* End PBXSourcesBuildPhase section */

/* Begin PBXTargetDependency section */
		DC1DE1642C84A9720062F9D8 /* PBXTargetDependency */ = {
			isa = PBXTargetDependency;
			target = DC1DE1482C84A9710062F9D8 /* wassup */;
			targetProxy = DC1DE1632C84A9720062F9D8 /* PBXContainerItemProxy */;
		};
		DC1DE16E2C84A9720062F9D8 /* PBXTargetDependency */ = {
			isa = PBXTargetDependency;
			target = DC1DE1482C84A9710062F9D8 /* wassup */;
			targetProxy = DC1DE16D2C84A9720062F9D8 /* PBXContainerItemProxy */;
		};
/* End PBXTargetDependency section */

/* Begin PBXVariantGroup section */
		DC1DE1522C84A9710062F9D8 /* Main.storyboard */ = {
			isa = PBXVariantGroup;
			children = (
				DC1DE1532C84A9710062F9D8 /* Base */,
			);
			name = Main.storyboard;
			sourceTree = "<group>";
		};
		DC1DE15A2C84A9720062F9D8 /* LaunchScreen.storyboard */ = {
			isa = PBXVariantGroup;
			children = (
				DC1DE15B2C84A9720062F9D8 /* Base */,
			);
			name = LaunchScreen.storyboard;
			sourceTree = "<group>";
		};
/* End PBXVariantGroup section */

/* Begin XCBuildConfiguration section */
		DC1DE1742C84A9720062F9D8 /* Debug */ = {
			isa = XCBuildConfiguration;
			buildSettings = {
				ALWAYS_SEARCH_USER_PATHS = NO;
				ASSETCATALOG_COMPILER_GENERATE_SWIFT_ASSET_SYMBOL_EXTENSIONS = YES;
				CLANG_ANALYZER_NONNULL = YES;
				CLANG_ANALYZER_NUMBER_OBJECT_CONVERSION = YES_AGGRESSIVE;
				CLANG_CXX_LANGUAGE_STANDARD = "gnu++20";
				CLANG_ENABLE_MODULES = YES;
				CLANG_ENABLE_OBJC_ARC = YES;
				CLANG_ENABLE_OBJC_WEAK = YES;
				CLANG_WARN_BLOCK_CAPTURE_AUTORELEASING = YES;
				CLANG_WARN_BOOL_CONVERSION = YES;
				CLANG_WARN_COMMA = YES;
				CLANG_WARN_CONSTANT_CONVERSION = YES;
				CLANG_WARN_DEPRECATED_OBJC_IMPLEMENTATIONS = YES;
				CLANG_WARN_DIRECT_OBJC_ISA_USAGE = YES_ERROR;
				CLANG_WARN_DOCUMENTATION_COMMENTS = YES;
				CLANG_WARN_EMPTY_BODY = YES;
				CLANG_WARN_ENUM_CONVERSION = YES;
				CLANG_WARN_INFINITE_RECURSION = YES;
				CLANG_WARN_INT_CONVERSION = YES;
				CLANG_WARN_NON_LITERAL_NULL_CONVERSION = YES;
				CLANG_WARN_OBJC_IMPLICIT_RETAIN_SELF = YES;
				CLANG_WARN_OBJC_LITERAL_CONVERSION = YES;
				CLANG_WARN_OBJC_ROOT_CLASS = YES_ERROR;
				CLANG_WARN_QUOTED_INCLUDE_IN_FRAMEWORK_HEADER = YES;
				CLANG_WARN_RANGE_LOOP_ANALYSIS = YES;
				CLANG_WARN_STRICT_PROTOTYPES = YES;
				CLANG_WARN_SUSPICIOUS_MOVE = YES;
				CLANG_WARN_UNGUARDED_AVAILABILITY = YES_AGGRESSIVE;
				CLANG_WARN_UNREACHABLE_CODE = YES;
				CLANG_WARN__DUPLICATE_METHOD_MATCH = YES;
				COPY_PHASE_STRIP = NO;
				DEBUG_INFORMATION_FORMAT = dwarf;
				ENABLE_STRICT_OBJC_MSGSEND = YES;
				ENABLE_TESTABILITY = YES;
				ENABLE_USER_SCRIPT_SANDBOXING = YES;
				GCC_C_LANGUAGE_STANDARD = gnu17;
				GCC_DYNAMIC_NO_PIC = NO;
				GCC_NO_COMMON_BLOCKS = YES;
				GCC_OPTIMIZATION_LEVEL = 0;
				GCC_PREPROCESSOR_DEFINITIONS = (
					"DEBUG=1",
					"$(inherited)",
				);
				GCC_WARN_64_TO_32_BIT_CONVERSION = YES;
				GCC_WARN_ABOUT_RETURN_TYPE = YES_ERROR;
				GCC_WARN_UNDECLARED_SELECTOR = YES;
				GCC_WARN_UNINITIALIZED_AUTOS = YES_AGGRESSIVE;
				GCC_WARN_UNUSED_FUNCTION = YES;
				GCC_WARN_UNUSED_VARIABLE = YES;
				IPHONEOS_DEPLOYMENT_TARGET = 17.5;
				LOCALIZATION_PREFERS_STRING_CATALOGS = YES;
				MTL_ENABLE_DEBUG_INFO = INCLUDE_SOURCE;
				MTL_FAST_MATH = YES;
				ONLY_ACTIVE_ARCH = YES;
				SDKROOT = iphoneos;
				SWIFT_ACTIVE_COMPILATION_CONDITIONS = "DEBUG $(inherited)";
				SWIFT_OPTIMIZATION_LEVEL = "-Onone";
			};
			name = Debug;
		};
		DC1DE1752C84A9720062F9D8 /* Release */ = {
			isa = XCBuildConfiguration;
			buildSettings = {
				ALWAYS_SEARCH_USER_PATHS = NO;
				ASSETCATALOG_COMPILER_GENERATE_SWIFT_ASSET_SYMBOL_EXTENSIONS = YES;
				CLANG_ANALYZER_NONNULL = YES;
				CLANG_ANALYZER_NUMBER_OBJECT_CONVERSION = YES_AGGRESSIVE;
				CLANG_CXX_LANGUAGE_STANDARD = "gnu++20";
				CLANG_ENABLE_MODULES = YES;
				CLANG_ENABLE_OBJC_ARC = YES;
				CLANG_ENABLE_OBJC_WEAK = YES;
				CLANG_WARN_BLOCK_CAPTURE_AUTORELEASING = YES;
				CLANG_WARN_BOOL_CONVERSION = YES;
				CLANG_WARN_COMMA = YES;
				CLANG_WARN_CONSTANT_CONVERSION = YES;
				CLANG_WARN_DEPRECATED_OBJC_IMPLEMENTATIONS = YES;
				CLANG_WARN_DIRECT_OBJC_ISA_USAGE = YES_ERROR;
				CLANG_WARN_DOCUMENTATION_COMMENTS = YES;
				CLANG_WARN_EMPTY_BODY = YES;
				CLANG_WARN_ENUM_CONVERSION = YES;
				CLANG_WARN_INFINITE_RECURSION = YES;
				CLANG_WARN_INT_CONVERSION = YES;
				CLANG_WARN_NON_LITERAL_NULL_CONVERSION = YES;
				CLANG_WARN_OBJC_IMPLICIT_RETAIN_SELF = YES;
				CLANG_WARN_OBJC_LITERAL_CONVERSION = YES;
				CLANG_WARN_OBJC_ROOT_CLASS = YES_ERROR;
				CLANG_WARN_QUOTED_INCLUDE_IN_FRAMEWORK_HEADER = YES;
				CLANG_WARN_RANGE_LOOP_ANALYSIS = YES;
				CLANG_WARN_STRICT_PROTOTYPES = YES;
				CLANG_WARN_SUSPICIOUS_MOVE = YES;
				CLANG_WARN_UNGUARDED_AVAILABILITY = YES_AGGRESSIVE;
				CLANG_WARN_UNREACHABLE_CODE = YES;
				CLANG_WARN__DUPLICATE_METHOD_MATCH = YES;
				COPY_PHASE_STRIP = NO;
				DEBUG_INFORMATION_FORMAT = "dwarf-with-dsym";
				ENABLE_NS_ASSERTIONS = NO;
				ENABLE_STRICT_OBJC_MSGSEND = YES;
				ENABLE_USER_SCRIPT_SANDBOXING = YES;
				GCC_C_LANGUAGE_STANDARD = gnu17;
				GCC_NO_COMMON_BLOCKS = YES;
				GCC_WARN_64_TO_32_BIT_CONVERSION = YES;
				GCC_WARN_ABOUT_RETURN_TYPE = YES_ERROR;
				GCC_WARN_UNDECLARED_SELECTOR = YES;
				GCC_WARN_UNINITIALIZED_AUTOS = YES_AGGRESSIVE;
				GCC_WARN_UNUSED_FUNCTION = YES;
				GCC_WARN_UNUSED_VARIABLE = YES;
				IPHONEOS_DEPLOYMENT_TARGET = 17.5;
				LOCALIZATION_PREFERS_STRING_CATALOGS = YES;
				MTL_ENABLE_DEBUG_INFO = NO;
				MTL_FAST_MATH = YES;
				SDKROOT = iphoneos;
				SWIFT_COMPILATION_MODE = wholemodule;
				VALIDATE_PRODUCT = YES;
			};
			name = Release;
		};
		DC1DE1772C84A9720062F9D8 /* Debug */ = {
			isa = XCBuildConfiguration;
			buildSettings = {
				ASSETCATALOG_COMPILER_APPICON_NAME = AppIcon;
				ASSETCATALOG_COMPILER_GLOBAL_ACCENT_COLOR_NAME = AccentColor;
				CODE_SIGN_STYLE = Automatic;
				CURRENT_PROJECT_VERSION = 1;
				DEVELOPMENT_TEAM = B8XC32NCA4;
				GENERATE_INFOPLIST_FILE = YES;
				INFOPLIST_FILE = wassup/Info.plist;
				INFOPLIST_KEY_UIApplicationSupportsIndirectInputEvents = YES;
				INFOPLIST_KEY_UILaunchStoryboardName = LaunchScreen;
				INFOPLIST_KEY_UIMainStoryboardFile = Main;
				INFOPLIST_KEY_UISupportedInterfaceOrientations_iPad = "UIInterfaceOrientationPortrait UIInterfaceOrientationPortraitUpsideDown UIInterfaceOrientationLandscapeLeft UIInterfaceOrientationLandscapeRight";
				INFOPLIST_KEY_UISupportedInterfaceOrientations_iPhone = "UIInterfaceOrientationPortrait UIInterfaceOrientationLandscapeLeft UIInterfaceOrientationLandscapeRight";
				IPHONEOS_DEPLOYMENT_TARGET = 17.0;
				LD_RUNPATH_SEARCH_PATHS = (
					"$(inherited)",
					"@executable_path/Frameworks",
				);
				MARKETING_VERSION = 1.0;
				PRODUCT_BUNDLE_IDENTIFIER = com.example.wassup;
				PRODUCT_NAME = "$(TARGET_NAME)";
				SUPPORTED_PLATFORMS = "iphoneos iphonesimulator";
				SUPPORTS_MACCATALYST = NO;
				SWIFT_EMIT_LOC_STRINGS = YES;
				SWIFT_VERSION = 5.0;
				TARGETED_DEVICE_FAMILY = 1;
			};
			name = Debug;
		};
		DC1DE1782C84A9720062F9D8 /* Release */ = {
			isa = XCBuildConfiguration;
			buildSettings = {
				ASSETCATALOG_COMPILER_APPICON_NAME = AppIcon;
				ASSETCATALOG_COMPILER_GLOBAL_ACCENT_COLOR_NAME = AccentColor;
				CODE_SIGN_STYLE = Automatic;
				CURRENT_PROJECT_VERSION = 1;
				DEVELOPMENT_TEAM = B8XC32NCA4;
				GENERATE_INFOPLIST_FILE = YES;
				INFOPLIST_FILE = wassup/Info.plist;
				INFOPLIST_KEY_UIApplicationSupportsIndirectInputEvents = YES;
				INFOPLIST_KEY_UILaunchStoryboardName = LaunchScreen;
				INFOPLIST_KEY_UIMainStoryboardFile = Main;
				INFOPLIST_KEY_UISupportedInterfaceOrientations_iPad = "UIInterfaceOrientationPortrait UIInterfaceOrientationPortraitUpsideDown UIInterfaceOrientationLandscapeLeft UIInterfaceOrientationLandscapeRight";
				INFOPLIST_KEY_UISupportedInterfaceOrientations_iPhone = "UIInterfaceOrientationPortrait UIInterfaceOrientationLandscapeLeft UIInterfaceOrientationLandscapeRight";
				IPHONEOS_DEPLOYMENT_TARGET = 17.0;
				LD_RUNPATH_SEARCH_PATHS = (
					"$(inherited)",
					"@executable_path/Frameworks",
				);
				MARKETING_VERSION = 1.0;
				PRODUCT_BUNDLE_IDENTIFIER = com.example.wassup;
				PRODUCT_NAME = "$(TARGET_NAME)";
				SUPPORTED_PLATFORMS = "iphoneos iphonesimulator";
				SUPPORTS_MACCATALYST = NO;
				SWIFT_EMIT_LOC_STRINGS = YES;
				SWIFT_VERSION = 5.0;
				TARGETED_DEVICE_FAMILY = 1;
			};
			name = Release;
		};
		DC1DE17A2C84A9720062F9D8 /* Debug */ = {
			isa = XCBuildConfiguration;
			buildSettings = {
				ALWAYS_EMBED_SWIFT_STANDARD_LIBRARIES = YES;
				BUNDLE_LOADER = "$(TEST_HOST)";
				CODE_SIGN_STYLE = Automatic;
				CURRENT_PROJECT_VERSION = 1;
				DEVELOPMENT_TEAM = B8XC32NCA4;
				GENERATE_INFOPLIST_FILE = YES;
				IPHONEOS_DEPLOYMENT_TARGET = 17.5;
				MARKETING_VERSION = 1.0;
				PRODUCT_BUNDLE_IDENTIFIER = com.example.wassupTests;
				PRODUCT_NAME = "$(TARGET_NAME)";
				SUPPORTED_PLATFORMS = "iphoneos iphonesimulator";
				SUPPORTS_MACCATALYST = NO;
				SWIFT_EMIT_LOC_STRINGS = NO;
				SWIFT_VERSION = 5.0;
				TARGETED_DEVICE_FAMILY = 1;
				TEST_HOST = "$(BUILT_PRODUCTS_DIR)/wassup.app/$(BUNDLE_EXECUTABLE_FOLDER_PATH)/wassup";
			};
			name = Debug;
		};
		DC1DE17B2C84A9720062F9D8 /* Release */ = {
			isa = XCBuildConfiguration;
			buildSettings = {
				ALWAYS_EMBED_SWIFT_STANDARD_LIBRARIES = YES;
				BUNDLE_LOADER = "$(TEST_HOST)";
				CODE_SIGN_STYLE = Automatic;
				CURRENT_PROJECT_VERSION = 1;
				DEVELOPMENT_TEAM = B8XC32NCA4;
				GENERATE_INFOPLIST_FILE = YES;
				IPHONEOS_DEPLOYMENT_TARGET = 17.5;
				MARKETING_VERSION = 1.0;
				PRODUCT_BUNDLE_IDENTIFIER = com.example.wassupTests;
				PRODUCT_NAME = "$(TARGET_NAME)";
				SUPPORTED_PLATFORMS = "iphoneos iphonesimulator";
				SUPPORTS_MACCATALYST = NO;
				SWIFT_EMIT_LOC_STRINGS = NO;
				SWIFT_VERSION = 5.0;
				TARGETED_DEVICE_FAMILY = 1;
				TEST_HOST = "$(BUILT_PRODUCTS_DIR)/wassup.app/$(BUNDLE_EXECUTABLE_FOLDER_PATH)/wassup";
			};
			name = Release;
		};
		DC1DE17D2C84A9720062F9D8 /* Debug */ = {
			isa = XCBuildConfiguration;
			buildSettings = {
				ALWAYS_EMBED_SWIFT_STANDARD_LIBRARIES = YES;
				CODE_SIGN_STYLE = Automatic;
				CURRENT_PROJECT_VERSION = 1;
				DEVELOPMENT_TEAM = B8XC32NCA4;
				GENERATE_INFOPLIST_FILE = YES;
				MARKETING_VERSION = 1.0;
				PRODUCT_BUNDLE_IDENTIFIER = com.example.wassupUITests;
				PRODUCT_NAME = "$(TARGET_NAME)";
				SUPPORTED_PLATFORMS = "iphoneos iphonesimulator";
				SUPPORTS_MACCATALYST = NO;
				SWIFT_EMIT_LOC_STRINGS = NO;
				SWIFT_VERSION = 5.0;
				TARGETED_DEVICE_FAMILY = 1;
				TEST_TARGET_NAME = wassup;
			};
			name = Debug;
		};
		DC1DE17E2C84A9720062F9D8 /* Release */ = {
			isa = XCBuildConfiguration;
			buildSettings = {
				ALWAYS_EMBED_SWIFT_STANDARD_LIBRARIES = YES;
				CODE_SIGN_STYLE = Automatic;
				CURRENT_PROJECT_VERSION = 1;
				DEVELOPMENT_TEAM = B8XC32NCA4;
				GENERATE_INFOPLIST_FILE = YES;
				MARKETING_VERSION = 1.0;
				PRODUCT_BUNDLE_IDENTIFIER = com.example.wassupUITests;
				PRODUCT_NAME = "$(TARGET_NAME)";
				SUPPORTED_PLATFORMS = "iphoneos iphonesimulator";
				SUPPORTS_MACCATALYST = NO;
				SWIFT_EMIT_LOC_STRINGS = NO;
				SWIFT_VERSION = 5.0;
				TARGETED_DEVICE_FAMILY = 1;
				TEST_TARGET_NAME = wassup;
			};
			name = Release;
		};
/* End XCBuildConfiguration section */

/* Begin XCConfigurationList section */
		DC1DE1442C84A9710062F9D8 /* Build configuration list for PBXProject "wassup" */ = {
			isa = XCConfigurationList;
			buildConfigurations = (
				DC1DE1742C84A9720062F9D8 /* Debug */,
				DC1DE1752C84A9720062F9D8 /* Release */,
			);
			defaultConfigurationIsVisible = 0;
			defaultConfigurationName = Release;
		};
		DC1DE1762C84A9720062F9D8 /* Build configuration list for PBXNativeTarget "wassup" */ = {
			isa = XCConfigurationList;
			buildConfigurations = (
				DC1DE1772C84A9720062F9D8 /* Debug */,
				DC1DE1782C84A9720062F9D8 /* Release */,
			);
			defaultConfigurationIsVisible = 0;
			defaultConfigurationName = Release;
		};
		DC1DE1792C84A9720062F9D8 /* Build configuration list for PBXNativeTarget "wassupTests" */ = {
			isa = XCConfigurationList;
			buildConfigurations = (
				DC1DE17A2C84A9720062F9D8 /* Debug */,
				DC1DE17B2C84A9720062F9D8 /* Release */,
			);
			defaultConfigurationIsVisible = 0;
			defaultConfigurationName = Release;
		};
		DC1DE17C2C84A9720062F9D8 /* Build configuration list for PBXNativeTarget "wassupUITests" */ = {
			isa = XCConfigurationList;
			buildConfigurations = (
				DC1DE17D2C84A9720062F9D8 /* Debug */,
				DC1DE17E2C84A9720062F9D8 /* Release */,
			);
			defaultConfigurationIsVisible = 0;
			defaultConfigurationName = Release;
		};
/* End XCConfigurationList section */

/* Begin XCRemoteSwiftPackageReference section */
		DC24A7EF2C850D46009770F8 /* XCRemoteSwiftPackageReference "firebase-ios-sdk" */ = {
			isa = XCRemoteSwiftPackageReference;
			repositoryURL = "https://github.com/firebase/firebase-ios-sdk";
			requirement = {
				kind = upToNextMajorVersion;
				minimumVersion = 11.1.0;
			};
		};
		DCFAB9DC2CA81449005DD86E /* XCRemoteSwiftPackageReference "Kingfisher" */ = {
			isa = XCRemoteSwiftPackageReference;
			repositoryURL = "https://github.com/onevcat/Kingfisher.git";
			requirement = {
				kind = upToNextMajorVersion;
				minimumVersion = 8.0.3;
			};
		};
/* End XCRemoteSwiftPackageReference section */

/* Begin XCSwiftPackageProductDependency section */
		DC24A7F02C850D46009770F8 /* FirebaseAuth */ = {
			isa = XCSwiftPackageProductDependency;
			package = DC24A7EF2C850D46009770F8 /* XCRemoteSwiftPackageReference "firebase-ios-sdk" */;
			productName = FirebaseAuth;
		};
		DC24A7F22C850D46009770F8 /* FirebaseFirestore */ = {
			isa = XCSwiftPackageProductDependency;
			package = DC24A7EF2C850D46009770F8 /* XCRemoteSwiftPackageReference "firebase-ios-sdk" */;
			productName = FirebaseFirestore;
		};
		DC24A7F42C850D46009770F8 /* FirebaseMessaging */ = {
			isa = XCSwiftPackageProductDependency;
			package = DC24A7EF2C850D46009770F8 /* XCRemoteSwiftPackageReference "firebase-ios-sdk" */;
			productName = FirebaseMessaging;
		};
		DC24A7F62C850D46009770F8 /* FirebaseStorage */ = {
			isa = XCSwiftPackageProductDependency;
			package = DC24A7EF2C850D46009770F8 /* XCRemoteSwiftPackageReference "firebase-ios-sdk" */;
			productName = FirebaseStorage;
		};
		DCFAB9DD2CA81449005DD86E /* Kingfisher */ = {
			isa = XCSwiftPackageProductDependency;
			package = DCFAB9DC2CA81449005DD86E /* XCRemoteSwiftPackageReference "Kingfisher" */;
			productName = Kingfisher;
		};
/* End XCSwiftPackageProductDependency section */

/* Begin XCVersionGroup section */
		DC1DE1552C84A9710062F9D8 /* wassup.xcdatamodeld */ = {
			isa = XCVersionGroup;
			children = (
				DC1DE1562C84A9710062F9D8 /* wassup.xcdatamodel */,
			);
			currentVersion = DC1DE1562C84A9710062F9D8 /* wassup.xcdatamodel */;
			path = wassup.xcdatamodeld;
			sourceTree = "<group>";
			versionGroupType = wrapper.xcdatamodel;
		};
/* End XCVersionGroup section */
	};
	rootObject = DC1DE1412C84A9710062F9D8 /* Project object */;
}
